
Microsoft Visual Studio Solution File, Format Version 12.00
# Visual Studio Version 17
VisualStudioVersion = 17.13.35931.197
MinimumVisualStudioVersion = 10.0.40219.1
Project("{FAE04EC0-301F-11D3-BF4B-00C04F79EFBC}") = "AGV.Monitor.UnitTests", "AGV.Monitor.UnitTests\AGV.Monitor.UnitTests.csproj", "{AEA702C7-7696-4B3E-A39F-D11780961C2F}"
EndProject
Project("{2150E333-8FDC-42A3-9474-1A3956D46DE8}") = "UnitTests", "UnitTests", "{02EA681E-C7D8-13C7-8484-4AC65E1B71E8}"
EndProject
Project("{FAE04EC0-301F-11D3-BF4B-00C04F79EFBC}") = "AGV.Monitor", "AGV.Monitor\AGV.Monitor.csproj", "{DFC72BFE-F2DC-4692-833B-4A7496DEF11E}"
EndProject
Global
	GlobalSection(SolutionConfigurationPlatforms) = preSolution
		Debug|Any CPU = Debug|Any CPU
		Release|Any CPU = Release|Any CPU
	EndGlobalSection
	GlobalSection(ProjectConfigurationPlatforms) = postSolution
		{AEA702C7-7696-4B3E-A39F-D11780961C2F}.Debug|Any CPU.ActiveCfg = Debug|Any CPU
		{AEA702C7-7696-4B3E-A39F-D11780961C2F}.Debug|Any CPU.Build.0 = Debug|Any CPU
		{AEA702C7-7696-4B3E-A39F-D11780961C2F}.Release|Any CPU.ActiveCfg = Release|Any CPU
		{AEA702C7-7696-4B3E-A39F-D11780961C2F}.Release|Any CPU.Build.0 = Release|Any CPU
		{DFC72BFE-F2DC-4692-833B-4A7496DEF11E}.Debug|Any CPU.ActiveCfg = Debug|Any CPU
		{DFC72BFE-F2DC-4692-833B-4A7496DEF11E}.Debug|Any CPU.Build.0 = Debug|Any CPU
		{DFC72BFE-F2DC-4692-833B-4A7496DEF11E}.Release|Any CPU.ActiveCfg = Release|Any CPU
		{DFC72BFE-F2DC-4692-833B-4A7496DEF11E}.Release|Any CPU.Build.0 = Release|Any CPU
	EndGlobalSection
	GlobalSection(SolutionProperties) = preSolution
		HideSolutionNode = FALSE
	EndGlobalSection
	GlobalSection(NestedProjects) = preSolution
		{AEA702C7-7696-4B3E-A39F-D11780961C2F} = {02EA681E-C7D8-13C7-8484-4AC65E1B71E8}
	EndGlobalSection
	GlobalSection(ExtensibilityGlobals) = postSolution
		SolutionGuid = {EBC7511E-23DD-4752-97CD-86A2EEDE3968}
	EndGlobalSection
EndGlobal
